{
  "name": "studly-caps",
  "version": "0.0.1",
  "lockfileVersion": 1,
  "requires": true,
  "dependencies": {
    "seedrandom": {
      "version": "3.0.1",
      "resolved": "https://registry.npmjs.org/seedrandom/-/seedrandom-3.0.1.tgz",
      "integrity": "sha512-1/02Y/rUeU1CJBAGLebiC5Lbo5FnB22gQbIFFYTLkwvp1xdABZJH1sn4ZT1MzXmPpzv+Rf/Lu2NcsLJiK4rcDg=="
    }
  }
}
